{
    "_readme": [
        "This file locks the dependencies of your project to a known state",
        "Read more about it at https://getcomposer.org/doc/01-basic-usage.md#composer-lock-the-lock-file",
        "This file is @generated automatically"
    ],
    "content-hash": "xxxxxxxxxxxxxxxxxxxxxxxxxxxxxxxx",
    "packages": [
        {
            "name": "fideloper/proxy",
            "version": "4.4.2",
            "source": {...},
            ...
        },
        {
            "name": "fruitcake/laravel-cors",
            "version": "2.2.0",
            ...
        },
        ...
    ],
    "packages-dev": [
        {
            "name": "fakerphp/faker",
            "version": "1.9.1",
            ...
        },
        ...
    ],
    "minimum-stability": "dev",
    "prefer-stable": true
}